
Microsoft Visual Studio Solution File, Format Version 12.00
# Visual Studio Version 16
VisualStudioVersion = 16.0.33423.256
MinimumVisualStudioVersion = 10.0.40219.1
Project("{FAE04EC0-301F-11D3-BF4B-00C04F79EFBC}") = "PetsVet", "PetsVet\PetsVet.csproj", "{EB440548-79E7-4A2D-9283-4E84DD172856}"
EndProject
Global
	GlobalSection(SolutionConfigurationPlatforms) = preSolution
		Debug|Any CPU = Debug|Any CPU
		Release|Any CPU = Release|Any CPU
	EndGlobalSection
	GlobalSection(ProjectConfigurationPlatforms) = postSolution
		{EB440548-79E7-4A2D-9283-4E84DD172856}.Debug|Any CPU.ActiveCfg = Debug|Any CPU
		{EB440548-79E7-4A2D-9283-4E84DD172856}.Debug|Any CPU.Build.0 = Debug|Any CPU
		{EB440548-79E7-4A2D-9283-4E84DD172856}.Release|Any CPU.ActiveCfg = Release|Any CPU
		{EB440548-79E7-4A2D-9283-4E84DD172856}.Release|Any CPU.Build.0 = Release|Any CPU
	EndGlobalSection
	GlobalSection(SolutionProperties) = preSolution
		HideSolutionNode = FALSE
	EndGlobalSection
	GlobalSection(ExtensibilityGlobals) = postSolution
		SolutionGuid = {8277E642-04AD-4C55-A352-326BB792ADC3}
	EndGlobalSection
EndGlobal
